
Microsoft Visual Studio Solution File, Format Version 12.00
# Visual Studio Version 16
VisualStudioVersion = 16.0.31005.135
MinimumVisualStudioVersion = 10.0.40219.1
Project("{FAE04EC0-301F-11D3-BF4B-00C04F79EFBC}") = "LetsEncryptTest", "LetsEncryptTest\LetsEncryptTest.csproj", "{92AA3034-4895-4268-B52A-5D62E7DCC3E5}"
EndProject
Global
	GlobalSection(SolutionConfigurationPlatforms) = preSolution
		Debug|Any CPU = Debug|Any CPU
		Release|Any CPU = Release|Any CPU
	EndGlobalSection
	GlobalSection(ProjectConfigurationPlatforms) = postSolution
		{92AA3034-4895-4268-B52A-5D62E7DCC3E5}.Debug|Any CPU.ActiveCfg = Debug|Any CPU
		{92AA3034-4895-4268-B52A-5D62E7DCC3E5}.Debug|Any CPU.Build.0 = Debug|Any CPU
		{92AA3034-4895-4268-B52A-5D62E7DCC3E5}.Release|Any CPU.ActiveCfg = Release|Any CPU
		{92AA3034-4895-4268-B52A-5D62E7DCC3E5}.Release|Any CPU.Build.0 = Release|Any CPU
	EndGlobalSection
	GlobalSection(SolutionProperties) = preSolution
		HideSolutionNode = FALSE
	EndGlobalSection
	GlobalSection(ExtensibilityGlobals) = postSolution
		SolutionGuid = {D65A20B1-29AA-48C6-8F93-4EB1F4419FFA}
	EndGlobalSection
EndGlobal
